// !$*UTF8*$!
{
	archiveVersion = 1;
	classes = {
	};
	objectVersion = 51;
	objects = {

/* Begin PBXBuildFile section */
		0E1967AD26EB28D50004F7D8 /* ListAlertViewController.swift in Sources */ = {isa = PBXBuildFile; fileRef = 0E1967AC26EB28D50004F7D8 /* ListAlertViewController.swift */; };
		0E1967AF26EB29010004F7D8 /* ShowAlertViewController.swift in Sources */ = {isa = PBXBuildFile; fileRef = 0E1967AE26EB29010004F7D8 /* ShowAlertViewController.swift */; };
		0E1967B226EB37CA0004F7D8 /* CellList.swift in Sources */ = {isa = PBXBuildFile; fileRef = 0E1967B126EB37CA0004F7D8 /* CellList.swift */; };
		0E1FC13926EC999B00A48358 /* Alert.swift in Sources */ = {isa = PBXBuildFile; fileRef = 0E1FC13826EC999B00A48358 /* Alert.swift */; };
		0E1FC13B26ECAFF900A48358 /* AddAlertViewController.swift in Sources */ = {isa = PBXBuildFile; fileRef = 0E1FC13A26ECAFF900A48358 /* AddAlertViewController.swift */; };
		0E1FC13D26ECB69000A48358 /* MemoViewController.swift in Sources */ = {isa = PBXBuildFile; fileRef = 0E1FC13C26ECB69000A48358 /* MemoViewController.swift */; };
		0E546E2526ED9E4F00189E7D /* DatePickerViewController.swift in Sources */ = {isa = PBXBuildFile; fileRef = 0E546E2426ED9E4F00189E7D /* DatePickerViewController.swift */; };
		0E546E2726EDF47700189E7D /* RepeatViewController.swift in Sources */ = {isa = PBXBuildFile; fileRef = 0E546E2626EDF47700189E7D /* RepeatViewController.swift */; };
		0E918AD326E323C3006FD827 /* AppDelegate.swift in Sources */ = {isa = PBXBuildFile; fileRef = 0E918AD226E323C3006FD827 /* AppDelegate.swift */; };
		0E918AD526E323C3006FD827 /* SceneDelegate.swift in Sources */ = {isa = PBXBuildFile; fileRef = 0E918AD426E323C3006FD827 /* SceneDelegate.swift */; };
		0E918ADA26E323C3006FD827 /* Main.storyboard in Resources */ = {isa = PBXBuildFile; fileRef = 0E918AD826E323C3006FD827 /* Main.storyboard */; };
		0E918ADD26E323C3006FD827 /* UserNotifi.xcdatamodeld in Sources */ = {isa = PBXBuildFile; fileRef = 0E918ADB26E323C3006FD827 /* UserNotifi.xcdatamodeld */; };
		0E918ADF26E323C3006FD827 /* Assets.xcassets in Resources */ = {isa = PBXBuildFile; fileRef = 0E918ADE26E323C3006FD827 /* Assets.xcassets */; };
		0E918AE226E323C3006FD827 /* LaunchScreen.storyboard in Resources */ = {isa = PBXBuildFile; fileRef = 0E918AE026E323C3006FD827 /* LaunchScreen.storyboard */; };
		0EC334D026F99DAF0048DD58 /* EditAlertViewController.swift in Sources */ = {isa = PBXBuildFile; fileRef = 0EC334CF26F99DAF0048DD58 /* EditAlertViewController.swift */; };
		46F40B1FC98487392B7AD377 /* Pods_UserNotifi.framework in Frameworks */ = {isa = PBXBuildFile; fileRef = 9112C80A947E63C8F0EC7ADC /* Pods_UserNotifi.framework */; };
/* End PBXBuildFile section */

/* Begin PBXFileReference section */
		0E1967AC26EB28D50004F7D8 /* ListAlertViewController.swift */ = {isa = PBXFileReference; lastKnownFileType = sourcecode.swift; path = ListAlertViewController.swift; sourceTree = "<group>"; wrapsLines = 1; };
		0E1967AE26EB29010004F7D8 /* ShowAlertViewController.swift */ = {isa = PBXFileReference; lastKnownFileType = sourcecode.swift; path = ShowAlertViewController.swift; sourceTree = "<group>"; };
		0E1967B126EB37CA0004F7D8 /* CellList.swift */ = {isa = PBXFileReference; lastKnownFileType = sourcecode.swift; path = CellList.swift; sourceTree = "<group>"; };
		0E1FC13826EC999B00A48358 /* Alert.swift */ = {isa = PBXFileReference; lastKnownFileType = sourcecode.swift; path = Alert.swift; sourceTree = "<group>"; };
		0E1FC13A26ECAFF900A48358 /* AddAlertViewController.swift */ = {isa = PBXFileReference; lastKnownFileType = sourcecode.swift; path = AddAlertViewController.swift; sourceTree = "<group>"; };
		0E1FC13C26ECB69000A48358 /* MemoViewController.swift */ = {isa = PBXFileReference; lastKnownFileType = sourcecode.swift; path = MemoViewController.swift; sourceTree = "<group>"; };
		0E546E2426ED9E4F00189E7D /* DatePickerViewController.swift */ = {isa = PBXFileReference; lastKnownFileType = sourcecode.swift; path = DatePickerViewController.swift; sourceTree = "<group>"; };
		0E546E2626EDF47700189E7D /* RepeatViewController.swift */ = {isa = PBXFileReference; lastKnownFileType = sourcecode.swift; path = RepeatViewController.swift; sourceTree = "<group>"; };
		0E918ACF26E323C3006FD827 /* UserNotifi.app */ = {isa = PBXFileReference; explicitFileType = wrapper.application; includeInIndex = 0; path = UserNotifi.app; sourceTree = BUILT_PRODUCTS_DIR; };
		0E918AD226E323C3006FD827 /* AppDelegate.swift */ = {isa = PBXFileReference; lastKnownFileType = sourcecode.swift; path = AppDelegate.swift; sourceTree = "<group>"; };
		0E918AD426E323C3006FD827 /* SceneDelegate.swift */ = {isa = PBXFileReference; lastKnownFileType = sourcecode.swift; path = SceneDelegate.swift; sourceTree = "<group>"; };
		0E918AD926E323C3006FD827 /* Base */ = {isa = PBXFileReference; lastKnownFileType = file.storyboard; name = Base; path = Base.lproj/Main.storyboard; sourceTree = "<group>"; };
		0E918ADC26E323C3006FD827 /* UserNotifi.xcdatamodel */ = {isa = PBXFileReference; lastKnownFileType = wrapper.xcdatamodel; path = UserNotifi.xcdatamodel; sourceTree = "<group>"; };
		0E918ADE26E323C3006FD827 /* Assets.xcassets */ = {isa = PBXFileReference; lastKnownFileType = folder.assetcatalog; path = Assets.xcassets; sourceTree = "<group>"; };
		0E918AE126E323C3006FD827 /* Base */ = {isa = PBXFileReference; lastKnownFileType = file.storyboard; name = Base; path = Base.lproj/LaunchScreen.storyboard; sourceTree = "<group>"; };
		0E918AE326E323C3006FD827 /* Info.plist */ = {isa = PBXFileReference; lastKnownFileType = text.plist.xml; path = Info.plist; sourceTree = "<group>"; };
		0EC334CF26F99DAF0048DD58 /* EditAlertViewController.swift */ = {isa = PBXFileReference; lastKnownFileType = sourcecode.swift; path = EditAlertViewController.swift; sourceTree = "<group>"; };
		68A9C2A9EC347936D97C37B2 /* Pods-UserNotifi.debug.xcconfig */ = {isa = PBXFileReference; includeInIndex = 1; lastKnownFileType = text.xcconfig; name = "Pods-UserNotifi.debug.xcconfig"; path = "Target Support Files/Pods-UserNotifi/Pods-UserNotifi.debug.xcconfig"; sourceTree = "<group>"; };
		9112C80A947E63C8F0EC7ADC /* Pods_UserNotifi.framework */ = {isa = PBXFileReference; explicitFileType = wrapper.framework; includeInIndex = 0; path = Pods_UserNotifi.framework; sourceTree = BUILT_PRODUCTS_DIR; };
		D4CC270D5C27A7E896C61BC5 /* Pods-UserNotifi.release.xcconfig */ = {isa = PBXFileReference; includeInIndex = 1; lastKnownFileType = text.xcconfig; name = "Pods-UserNotifi.release.xcconfig"; path = "Target Support Files/Pods-UserNotifi/Pods-UserNotifi.release.xcconfig"; sourceTree = "<group>"; };
/* End PBXFileReference section */

/* Begin PBXFrameworksBuildPhase section */
		0E918ACC26E323C3006FD827 /* Frameworks */ = {
			isa = PBXFrameworksBuildPhase;
			buildActionMask = 2147483647;
			files = (
				46F40B1FC98487392B7AD377 /* Pods_UserNotifi.framework in Frameworks */,
			);
			runOnlyForDeploymentPostprocessing = 0;
		};
/* End PBXFrameworksBuildPhase section */

/* Begin PBXGroup section */
		0BF2D97A26676C29DDA827CA /* Pods */ = {
			isa = PBXGroup;
			children = (
				68A9C2A9EC347936D97C37B2 /* Pods-UserNotifi.debug.xcconfig */,
				D4CC270D5C27A7E896C61BC5 /* Pods-UserNotifi.release.xcconfig */,
			);
			path = Pods;
			sourceTree = "<group>";
		};
		0E1967AB26EB28C00004F7D8 /* Cotroller */ = {
			isa = PBXGroup;
			children = (
				0E1967AC26EB28D50004F7D8 /* ListAlertViewController.swift */,
				0E1967AE26EB29010004F7D8 /* ShowAlertViewController.swift */,
				0E1FC13A26ECAFF900A48358 /* AddAlertViewController.swift */,
				0E1FC13C26ECB69000A48358 /* MemoViewController.swift */,
				0E546E2426ED9E4F00189E7D /* DatePickerViewController.swift */,
				0E546E2626EDF47700189E7D /* RepeatViewController.swift */,
				0EC334CF26F99DAF0048DD58 /* EditAlertViewController.swift */,
			);
			path = Cotroller;
			sourceTree = "<group>";
		};
		0E1967B026EB379D0004F7D8 /* Data */ = {
			isa = PBXGroup;
			children = (
				0E1967B126EB37CA0004F7D8 /* CellList.swift */,
				0E1FC13826EC999B00A48358 /* Alert.swift */,
			);
			path = Data;
			sourceTree = "<group>";
		};
		0E918AC626E323C3006FD827 = {
			isa = PBXGroup;
			children = (
				0E918AD126E323C3006FD827 /* UserNotifi */,
				0E918AD026E323C3006FD827 /* Products */,
				0BF2D97A26676C29DDA827CA /* Pods */,
				23E793ACEFCF535F1B8E59F5 /* Frameworks */,
			);
			sourceTree = "<group>";
		};
		0E918AD026E323C3006FD827 /* Products */ = {
			isa = PBXGroup;
			children = (
				0E918ACF26E323C3006FD827 /* UserNotifi.app */,
			);
			name = Products;
			sourceTree = "<group>";
		};
		0E918AD126E323C3006FD827 /* UserNotifi */ = {
			isa = PBXGroup;
			children = (
				0E1967B026EB379D0004F7D8 /* Data */,
				0E1967AB26EB28C00004F7D8 /* Cotroller */,
				0E918AD226E323C3006FD827 /* AppDelegate.swift */,
				0E918AD426E323C3006FD827 /* SceneDelegate.swift */,
				0E918AD826E323C3006FD827 /* Main.storyboard */,
				0E918ADE26E323C3006FD827 /* Assets.xcassets */,
				0E918AE026E323C3006FD827 /* LaunchScreen.storyboard */,
				0E918AE326E323C3006FD827 /* Info.plist */,
				0E918ADB26E323C3006FD827 /* UserNotifi.xcdatamodeld */,
			);
			path = UserNotifi;
			sourceTree = "<group>";
		};
		23E793ACEFCF535F1B8E59F5 /* Frameworks */ = {
			isa = PBXGroup;
			children = (
				9112C80A947E63C8F0EC7ADC /* Pods_UserNotifi.framework */,
			);
			name = Frameworks;
			sourceTree = "<group>";
		};
/* End PBXGroup section */

/* Begin PBXNativeTarget section */
		0E918ACE26E323C3006FD827 /* UserNotifi */ = {
			isa = PBXNativeTarget;
			buildConfigurationList = 0E918AE626E323C3006FD827 /* Build configuration list for PBXNativeTarget "UserNotifi" */;
			buildPhases = (
				22EE1237CDFC4FF9356197DA /* [CP] Check Pods Manifest.lock */,
				0E918ACB26E323C3006FD827 /* Sources */,
				0E918ACC26E323C3006FD827 /* Frameworks */,
				0E918ACD26E323C3006FD827 /* Resources */,
				FD6AED53187D280BDE685B54 /* [CP] Embed Pods Frameworks */,
			);
			buildRules = (
			);
			dependencies = (
			);
			name = UserNotifi;
			productName = UserNotifi;
			productReference = 0E918ACF26E323C3006FD827 /* UserNotifi.app */;
			productType = "com.apple.product-type.application";
		};
/* End PBXNativeTarget section */

/* Begin PBXProject section */
		0E918AC726E323C3006FD827 /* Project object */ = {
			isa = PBXProject;
			attributes = {
				LastSwiftUpdateCheck = 1250;
				LastUpgradeCheck = 1250;
				TargetAttributes = {
					0E918ACE26E323C3006FD827 = {
						CreatedOnToolsVersion = 12.5;
					};
				};
			};
			buildConfigurationList = 0E918ACA26E323C3006FD827 /* Build configuration list for PBXProject "UserNotifi" */;
			compatibilityVersion = "Xcode 9.3";
			developmentRegion = en;
			hasScannedForEncodings = 0;
			knownRegions = (
				en,
				Base,
			);
			mainGroup = 0E918AC626E323C3006FD827;
			productRefGroup = 0E918AD026E323C3006FD827 /* Products */;
			projectDirPath = "";
			projectRoot = "";
			targets = (
				0E918ACE26E323C3006FD827 /* UserNotifi */,
			);
		};
/* End PBXProject section */

/* Begin PBXResourcesBuildPhase section */
		0E918ACD26E323C3006FD827 /* Resources */ = {
			isa = PBXResourcesBuildPhase;
			buildActionMask = 2147483647;
			files = (
				0E918AE226E323C3006FD827 /* LaunchScreen.storyboard in Resources */,
				0E918ADF26E323C3006FD827 /* Assets.xcassets in Resources */,
				0E918ADA26E323C3006FD827 /* Main.storyboard in Resources */,
			);
			runOnlyForDeploymentPostprocessing = 0;
		};
/* End PBXResourcesBuildPhase section */

/* Begin PBXShellScriptBuildPhase section */
		22EE1237CDFC4FF9356197DA /* [CP] Check Pods Manifest.lock */ = {
			isa = PBXShellScriptBuildPhase;
			buildActionMask = 2147483647;
			files = (
			);
			inputFileListPaths = (
			);
			inputPaths = (
				"${PODS_PODFILE_DIR_PATH}/Podfile.lock",
				"${PODS_ROOT}/Manifest.lock",
			);
			name = "[CP] Check Pods Manifest.lock";
			outputFileListPaths = (
			);
			outputPaths = (
				"$(DERIVED_FILE_DIR)/Pods-UserNotifi-checkManifestLockResult.txt",
			);
			runOnlyForDeploymentPostprocessing = 0;
			shellPath = /bin/sh;
			shellScript = "diff \"${PODS_PODFILE_DIR_PATH}/Podfile.lock\" \"${PODS_ROOT}/Manifest.lock\" > /dev/null\nif [ $? != 0 ] ; then\n    # print error to STDERR\n    echo \"error: The sandbox is not in sync with the Podfile.lock. Run 'pod install' or update your CocoaPods installation.\" >&2\n    exit 1\nfi\n# This output is used by Xcode 'outputs' to avoid re-running this script phase.\necho \"SUCCESS\" > \"${SCRIPT_OUTPUT_FILE_0}\"\n";
			showEnvVarsInLog = 0;
		};
		FD6AED53187D280BDE685B54 /* [CP] Embed Pods Frameworks */ = {
			isa = PBXShellScriptBuildPhase;
			buildActionMask = 2147483647;
			files = (
			);
			inputFileListPaths = (
				"${PODS_ROOT}/Target Support Files/Pods-UserNotifi/Pods-UserNotifi-frameworks-${CONFIGURATION}-input-files.xcfilelist",
			);
			name = "[CP] Embed Pods Frameworks";
			outputFileListPaths = (
				"${PODS_ROOT}/Target Support Files/Pods-UserNotifi/Pods-UserNotifi-frameworks-${CONFIGURATION}-output-files.xcfilelist",
			);
			runOnlyForDeploymentPostprocessing = 0;
			shellPath = /bin/sh;
			shellScript = "\"${PODS_ROOT}/Target Support Files/Pods-UserNotifi/Pods-UserNotifi-frameworks.sh\"\n";
			showEnvVarsInLog = 0;
		};
/* End PBXShellScriptBuildPhase section */

/* Begin PBXSourcesBuildPhase section */
		0E918ACB26E323C3006FD827 /* Sources */ = {
			isa = PBXSourcesBuildPhase;
			buildActionMask = 2147483647;
			files = (
				0E1967AF26EB29010004F7D8 /* ShowAlertViewController.swift in Sources */,
				0E1967B226EB37CA0004F7D8 /* CellList.swift in Sources */,
				0E918AD326E323C3006FD827 /* AppDelegate.swift in Sources */,
				0E918AD526E323C3006FD827 /* SceneDelegate.swift in Sources */,
				0E918ADD26E323C3006FD827 /* UserNotifi.xcdatamodeld in Sources */,
				0EC334D026F99DAF0048DD58 /* EditAlertViewController.swift in Sources */,
				0E1967AD26EB28D50004F7D8 /* ListAlertViewController.swift in Sources */,
				0E546E2526ED9E4F00189E7D /* DatePickerViewController.swift in Sources */,
				0E1FC13926EC999B00A48358 /* Alert.swift in Sources */,
				0E546E2726EDF47700189E7D /* RepeatViewController.swift in Sources */,
				0E1FC13B26ECAFF900A48358 /* AddAlertViewController.swift in Sources */,
				0E1FC13D26ECB69000A48358 /* MemoViewController.swift in Sources */,
			);
			runOnlyForDeploymentPostprocessing = 0;
		};
/* End PBXSourcesBuildPhase section */

/* Begin PBXVariantGroup section */
		0E918AD826E323C3006FD827 /* Main.storyboard */ = {
			isa = PBXVariantGroup;
			children = (
				0E918AD926E323C3006FD827 /* Base */,
			);
			name = Main.storyboard;
			sourceTree = "<group>";
		};
		0E918AE026E323C3006FD827 /* LaunchScreen.storyboard */ = {
			isa = PBXVariantGroup;
			children = (
				0E918AE126E323C3006FD827 /* Base */,
			);
			name = LaunchScreen.storyboard;
			sourceTree = "<group>";
		};
/* End PBXVariantGroup section */

/* Begin XCBuildConfiguration section */
		0E918AE426E323C3006FD827 /* Debug */ = {
			isa = XCBuildConfiguration;
			buildSettings = {
				ALWAYS_SEARCH_USER_PATHS = NO;
				CLANG_ANALYZER_NONNULL = YES;
				CLANG_ANALYZER_NUMBER_OBJECT_CONVERSION = YES_AGGRESSIVE;
				CLANG_CXX_LANGUAGE_STANDARD = "gnu++14";
				CLANG_CXX_LIBRARY = "libc++";
				CLANG_ENABLE_MODULES = YES;
				CLANG_ENABLE_OBJC_ARC = YES;
				CLANG_ENABLE_OBJC_WEAK = YES;
				CLANG_WARN_BLOCK_CAPTURE_AUTORELEASING = YES;
				CLANG_WARN_BOOL_CONVERSION = YES;
				CLANG_WARN_COMMA = YES;
				CLANG_WARN_CONSTANT_CONVERSION = YES;
				CLANG_WARN_DEPRECATED_OBJC_IMPLEMENTATIONS = YES;
				CLANG_WARN_DIRECT_OBJC_ISA_USAGE = YES_ERROR;
				CLANG_WARN_DOCUMENTATION_COMMENTS = YES;
				CLANG_WARN_EMPTY_BODY = YES;
				CLANG_WARN_ENUM_CONVERSION = YES;
				CLANG_WARN_INFINITE_RECURSION = YES;
				CLANG_WARN_INT_CONVERSION = YES;
				CLANG_WARN_NON_LITERAL_NULL_CONVERSION = YES;
				CLANG_WARN_OBJC_IMPLICIT_RETAIN_SELF = YES;
				CLANG_WARN_OBJC_LITERAL_CONVERSION = YES;
				CLANG_WARN_OBJC_ROOT_CLASS = YES_ERROR;
				CLANG_WARN_QUOTED_INCLUDE_IN_FRAMEWORK_HEADER = YES;
				CLANG_WARN_RANGE_LOOP_ANALYSIS = YES;
				CLANG_WARN_STRICT_PROTOTYPES = YES;
				CLANG_WARN_SUSPICIOUS_MOVE = YES;
				CLANG_WARN_UNGUARDED_AVAILABILITY = YES_AGGRESSIVE;
				CLANG_WARN_UNREACHABLE_CODE = YES;
				CLANG_WARN__DUPLICATE_METHOD_MATCH = YES;
				COPY_PHASE_STRIP = NO;
				DEBUG_INFORMATION_FORMAT = dwarf;
				ENABLE_STRICT_OBJC_MSGSEND = YES;
				ENABLE_TESTABILITY = YES;
				GCC_C_LANGUAGE_STANDARD = gnu11;
				GCC_DYNAMIC_NO_PIC = NO;
				GCC_NO_COMMON_BLOCKS = YES;
				GCC_OPTIMIZATION_LEVEL = 0;
				GCC_PREPROCESSOR_DEFINITIONS = (
					"DEBUG=1",
					"$(inherited)",
				);
				GCC_WARN_64_TO_32_BIT_CONVERSION = YES;
				GCC_WARN_ABOUT_RETURN_TYPE = YES_ERROR;
				GCC_WARN_UNDECLARED_SELECTOR = YES;
				GCC_WARN_UNINITIALIZED_AUTOS = YES_AGGRESSIVE;
				GCC_WARN_UNUSED_FUNCTION = YES;
				GCC_WARN_UNUSED_VARIABLE = YES;
				IPHONEOS_DEPLOYMENT_TARGET = 14.5;
				MTL_ENABLE_DEBUG_INFO = INCLUDE_SOURCE;
				MTL_FAST_MATH = YES;
				ONLY_ACTIVE_ARCH = YES;
				SDKROOT = iphoneos;
				SWIFT_ACTIVE_COMPILATION_CONDITIONS = DEBUG;
				SWIFT_OPTIMIZATION_LEVEL = "-Onone";
			};
			name = Debug;
		};
		0E918AE526E323C3006FD827 /* Release */ = {
			isa = XCBuildConfiguration;
			buildSettings = {
				ALWAYS_SEARCH_USER_PATHS = NO;
				CLANG_ANALYZER_NONNULL = YES;
				CLANG_ANALYZER_NUMBER_OBJECT_CONVERSION = YES_AGGRESSIVE;
				CLANG_CXX_LANGUAGE_STANDARD = "gnu++14";
				CLANG_CXX_LIBRARY = "libc++";
				CLANG_ENABLE_MODULES = YES;
				CLANG_ENABLE_OBJC_ARC = YES;
				CLANG_ENABLE_OBJC_WEAK = YES;
				CLANG_WARN_BLOCK_CAPTURE_AUTORELEASING = YES;
				CLANG_WARN_BOOL_CONVERSION = YES;
				CLANG_WARN_COMMA = YES;
				CLANG_WARN_CONSTANT_CONVERSION = YES;
				CLANG_WARN_DEPRECATED_OBJC_IMPLEMENTATIONS = YES;
				CLANG_WARN_DIRECT_OBJC_ISA_USAGE = YES_ERROR;
				CLANG_WARN_DOCUMENTATION_COMMENTS = YES;
				CLANG_WARN_EMPTY_BODY = YES;
				CLANG_WARN_ENUM_CONVERSION = YES;
				CLANG_WARN_INFINITE_RECURSION = YES;
				CLANG_WARN_INT_CONVERSION = YES;
				CLANG_WARN_NON_LITERAL_NULL_CONVERSION = YES;
				CLANG_WARN_OBJC_IMPLICIT_RETAIN_SELF = YES;
				CLANG_WARN_OBJC_LITERAL_CONVERSION = YES;
				CLANG_WARN_OBJC_ROOT_CLASS = YES_ERROR;
				CLANG_WARN_QUOTED_INCLUDE_IN_FRAMEWORK_HEADER = YES;
				CLANG_WARN_RANGE_LOOP_ANALYSIS = YES;
				CLANG_WARN_STRICT_PROTOTYPES = YES;
				CLANG_WARN_SUSPICIOUS_MOVE = YES;
				CLANG_WARN_UNGUARDED_AVAILABILITY = YES_AGGRESSIVE;
				CLANG_WARN_UNREACHABLE_CODE = YES;
				CLANG_WARN__DUPLICATE_METHOD_MATCH = YES;
				COPY_PHASE_STRIP = NO;
				DEBUG_INFORMATION_FORMAT = "dwarf-with-dsym";
				ENABLE_NS_ASSERTIONS = NO;
				ENABLE_STRICT_OBJC_MSGSEND = YES;
				GCC_C_LANGUAGE_STANDARD = gnu11;
				GCC_NO_COMMON_BLOCKS = YES;
				GCC_WARN_64_TO_32_BIT_CONVERSION = YES;
				GCC_WARN_ABOUT_RETURN_TYPE = YES_ERROR;
				GCC_WARN_UNDECLARED_SELECTOR = YES;
				GCC_WARN_UNINITIALIZED_AUTOS = YES_AGGRESSIVE;
				GCC_WARN_UNUSED_FUNCTION = YES;
				GCC_WARN_UNUSED_VARIABLE = YES;
				IPHONEOS_DEPLOYMENT_TARGET = 14.5;
				MTL_ENABLE_DEBUG_INFO = NO;
				MTL_FAST_MATH = YES;
				SDKROOT = iphoneos;
				SWIFT_COMPILATION_MODE = wholemodule;
				SWIFT_OPTIMIZATION_LEVEL = "-O";
				VALIDATE_PRODUCT = YES;
			};
			name = Release;
		};
		0E918AE726E323C3006FD827 /* Debug */ = {
			isa = XCBuildConfiguration;
			baseConfigurationReference = 68A9C2A9EC347936D97C37B2 /* Pods-UserNotifi.debug.xcconfig */;
			buildSettings = {
				ASSETCATALOG_COMPILER_APPICON_NAME = AppIcon;
				ASSETCATALOG_COMPILER_GLOBAL_ACCENT_COLOR_NAME = AccentColor;
				CODE_SIGN_STYLE = Automatic;
				DEVELOPMENT_TEAM = 8PRV428ULN;
				INFOPLIST_FILE = UserNotifi/Info.plist;
				LD_RUNPATH_SEARCH_PATHS = (
					"$(inherited)",
					"@executable_path/Frameworks",
				);
				PRODUCT_BUNDLE_IDENTIFIER = "com.J-Min.UserNotifi";
				PRODUCT_NAME = "$(TARGET_NAME)";
				SWIFT_VERSION = 5.0;
				TARGETED_DEVICE_FAMILY = "1,2";
			};
			name = Debug;
		};
		0E918AE826E323C3006FD827 /* Release */ = {
			isa = XCBuildConfiguration;
			baseConfigurationReference = D4CC270D5C27A7E896C61BC5 /* Pods-UserNotifi.release.xcconfig */;
			buildSettings = {
				ASSETCATALOG_COMPILER_APPICON_NAME = AppIcon;
				ASSETCATALOG_COMPILER_GLOBAL_ACCENT_COLOR_NAME = AccentColor;
				CODE_SIGN_STYLE = Automatic;
				DEVELOPMENT_TEAM = 8PRV428ULN;
				INFOPLIST_FILE = UserNotifi/Info.plist;
				LD_RUNPATH_SEARCH_PATHS = (
					"$(inherited)",
					"@executable_path/Frameworks",
				);
				PRODUCT_BUNDLE_IDENTIFIER = "com.J-Min.UserNotifi";
				PRODUCT_NAME = "$(TARGET_NAME)";
				SWIFT_VERSION = 5.0;
				TARGETED_DEVICE_FAMILY = "1,2";
			};
			name = Release;
		};
/* End XCBuildConfiguration section */

/* Begin XCConfigurationList section */
		0E918ACA26E323C3006FD827 /* Build configuration list for PBXProject "UserNotifi" */ = {
			isa = XCConfigurationList;
			buildConfigurations = (
				0E918AE426E323C3006FD827 /* Debug */,
				0E918AE526E323C3006FD827 /* Release */,
			);
			defaultConfigurationIsVisible = 0;
			defaultConfigurationName = Release;
		};
		0E918AE626E323C3006FD827 /* Build configuration list for PBXNativeTarget "UserNotifi" */ = {
			isa = XCConfigurationList;
			buildConfigurations = (
				0E918AE726E323C3006FD827 /* Debug */,
				0E918AE826E323C3006FD827 /* Release */,
			);
			defaultConfigurationIsVisible = 0;
			defaultConfigurationName = Release;
		};
/* End XCConfigurationList section */

/* Begin XCVersionGroup section */
		0E918ADB26E323C3006FD827 /* UserNotifi.xcdatamodeld */ = {
			isa = XCVersionGroup;
			children = (
				0E918ADC26E323C3006FD827 /* UserNotifi.xcdatamodel */,
			);
			currentVersion = 0E918ADC26E323C3006FD827 /* UserNotifi.xcdatamodel */;
			path = UserNotifi.xcdatamodeld;
			sourceTree = "<group>";
			versionGroupType = wrapper.xcdatamodel;
		};
/* End XCVersionGroup section */
	};
	rootObject = 0E918AC726E323C3006FD827 /* Project object */;
}
